// !$*UTF8*$!
{
	archiveVersion = 1;
	classes = {
	};
	objectVersion = 51;
	objects = {

/* Begin PBXBuildFile section */
		1858A08123C63D390095E307 /* AppDelegate.swift in Sources */ = {isa = PBXBuildFile; fileRef = 1858A08023C63D390095E307 /* AppDelegate.swift */; };
		1858A08323C63D390095E307 /* ViewController.swift in Sources */ = {isa = PBXBuildFile; fileRef = 1858A08223C63D390095E307 /* ViewController.swift */; };
		1858A08623C63D390095E307 /* Main.storyboard in Resources */ = {isa = PBXBuildFile; fileRef = 1858A08423C63D390095E307 /* Main.storyboard */; };
		1858A08823C63D3A0095E307 /* Assets.xcassets in Resources */ = {isa = PBXBuildFile; fileRef = 1858A08723C63D3A0095E307 /* Assets.xcassets */; };
		1858A08B23C63D3A0095E307 /* LaunchScreen.storyboard in Resources */ = {isa = PBXBuildFile; fileRef = 1858A08923C63D3A0095E307 /* LaunchScreen.storyboard */; };
		1858A09323C63DCA0095E307 /* Data.swift in Sources */ = {isa = PBXBuildFile; fileRef = 1858A09223C63DCA0095E307 /* Data.swift */; };
		1858A09623C640C60095E307 /* WeatherCell.swift in Sources */ = {isa = PBXBuildFile; fileRef = 1858A09423C640C50095E307 /* WeatherCell.swift */; };
		1858A09723C640C60095E307 /* WeatherCell.xib in Resources */ = {isa = PBXBuildFile; fileRef = 1858A09523C640C60095E307 /* WeatherCell.xib */; };
		18B259DE23C7175700E83253 /* ApiClient.swift in Sources */ = {isa = PBXBuildFile; fileRef = 18B259DD23C7175700E83253 /* ApiClient.swift */; };
		18B259E023C718AF00E83253 /* ApiRouter.swift in Sources */ = {isa = PBXBuildFile; fileRef = 18B259DF23C718AF00E83253 /* ApiRouter.swift */; };
		18B259E223C7214B00E83253 /* Constants.swift in Sources */ = {isa = PBXBuildFile; fileRef = 18B259E123C7214B00E83253 /* Constants.swift */; };
		18D30D6623DB3303008889FB /* Helper.swift in Sources */ = {isa = PBXBuildFile; fileRef = 18D30D6523DB3303008889FB /* Helper.swift */; };
		18F7D40923CC7DE7009B2E3E /* Bargaining.swift in Sources */ = {isa = PBXBuildFile; fileRef = 18F7D40823CC7DE7009B2E3E /* Bargaining.swift */; };
		18F7D40B23CC7E7D009B2E3E /* MainStruct.swift in Sources */ = {isa = PBXBuildFile; fileRef = 18F7D40A23CC7E7D009B2E3E /* MainStruct.swift */; };
		18F7D41323CCB675009B2E3E /* ViewController2.swift in Sources */ = {isa = PBXBuildFile; fileRef = 18F7D41223CCB675009B2E3E /* ViewController2.swift */; };
		18F7D41523CCC1DA009B2E3E /* Parking.swift in Sources */ = {isa = PBXBuildFile; fileRef = 18F7D41423CCC1DA009B2E3E /* Parking.swift */; };
		18F7D41C23CCC31A009B2E3E /* Buyer.swift in Sources */ = {isa = PBXBuildFile; fileRef = 18F7D41723CCC318009B2E3E /* Buyer.swift */; };
		18F7D41D23CCC31A009B2E3E /* Card.swift in Sources */ = {isa = PBXBuildFile; fileRef = 18F7D41823CCC319009B2E3E /* Card.swift */; };
		18F7D41F23CCC31A009B2E3E /* Details.swift in Sources */ = {isa = PBXBuildFile; fileRef = 18F7D41A23CCC319009B2E3E /* Details.swift */; };
		18F7D42123CCC37E009B2E3E /* Seller.swift in Sources */ = {isa = PBXBuildFile; fileRef = 18F7D42023CCC37E009B2E3E /* Seller.swift */; };
		3925FA4117E4AFF3CBA4781D /* Pods_ObjectMapDemo.framework in Frameworks */ = {isa = PBXBuildFile; fileRef = BD088FF95FDD054B4D5089F3 /* Pods_ObjectMapDemo.framework */; };
/* End PBXBuildFile section */

/* Begin PBXFileReference section */
		092CA9D181FE03E3DCCE3CC9 /* Pods-ObjectMapDemo.debug.xcconfig */ = {isa = PBXFileReference; includeInIndex = 1; lastKnownFileType = text.xcconfig; name = "Pods-ObjectMapDemo.debug.xcconfig"; path = "Target Support Files/Pods-ObjectMapDemo/Pods-ObjectMapDemo.debug.xcconfig"; sourceTree = "<group>"; };
		0C32FD805877AC13F6F1275E /* Pods-ObjectMapDemo.release.xcconfig */ = {isa = PBXFileReference; includeInIndex = 1; lastKnownFileType = text.xcconfig; name = "Pods-ObjectMapDemo.release.xcconfig"; path = "Target Support Files/Pods-ObjectMapDemo/Pods-ObjectMapDemo.release.xcconfig"; sourceTree = "<group>"; };
		1858A07D23C63D390095E307 /* ObjectMapDemo.app */ = {isa = PBXFileReference; explicitFileType = wrapper.application; includeInIndex = 0; path = ObjectMapDemo.app; sourceTree = BUILT_PRODUCTS_DIR; };
		1858A08023C63D390095E307 /* AppDelegate.swift */ = {isa = PBXFileReference; lastKnownFileType = sourcecode.swift; path = AppDelegate.swift; sourceTree = "<group>"; };
		1858A08223C63D390095E307 /* ViewController.swift */ = {isa = PBXFileReference; lastKnownFileType = sourcecode.swift; path = ViewController.swift; sourceTree = "<group>"; };
		1858A08523C63D390095E307 /* Base */ = {isa = PBXFileReference; lastKnownFileType = file.storyboard; name = Base; path = Base.lproj/Main.storyboard; sourceTree = "<group>"; };
		1858A08723C63D3A0095E307 /* Assets.xcassets */ = {isa = PBXFileReference; lastKnownFileType = folder.assetcatalog; path = Assets.xcassets; sourceTree = "<group>"; };
		1858A08A23C63D3A0095E307 /* Base */ = {isa = PBXFileReference; lastKnownFileType = file.storyboard; name = Base; path = Base.lproj/LaunchScreen.storyboard; sourceTree = "<group>"; };
		1858A08C23C63D3A0095E307 /* Info.plist */ = {isa = PBXFileReference; lastKnownFileType = text.plist.xml; path = Info.plist; sourceTree = "<group>"; };
		1858A09223C63DCA0095E307 /* Data.swift */ = {isa = PBXFileReference; lastKnownFileType = sourcecode.swift; path = Data.swift; sourceTree = "<group>"; };
		1858A09423C640C50095E307 /* WeatherCell.swift */ = {isa = PBXFileReference; lastKnownFileType = sourcecode.swift; path = WeatherCell.swift; sourceTree = "<group>"; };
		1858A09523C640C60095E307 /* WeatherCell.xib */ = {isa = PBXFileReference; lastKnownFileType = file.xib; path = WeatherCell.xib; sourceTree = "<group>"; };
		18B259DD23C7175700E83253 /* ApiClient.swift */ = {isa = PBXFileReference; lastKnownFileType = sourcecode.swift; path = ApiClient.swift; sourceTree = "<group>"; };
		18B259DF23C718AF00E83253 /* ApiRouter.swift */ = {isa = PBXFileReference; lastKnownFileType = sourcecode.swift; path = ApiRouter.swift; sourceTree = "<group>"; };
		18B259E123C7214B00E83253 /* Constants.swift */ = {isa = PBXFileReference; lastKnownFileType = sourcecode.swift; path = Constants.swift; sourceTree = "<group>"; };
		18D30D6523DB3303008889FB /* Helper.swift */ = {isa = PBXFileReference; lastKnownFileType = sourcecode.swift; path = Helper.swift; sourceTree = "<group>"; };
		18F7D40823CC7DE7009B2E3E /* Bargaining.swift */ = {isa = PBXFileReference; lastKnownFileType = sourcecode.swift; path = Bargaining.swift; sourceTree = "<group>"; };
		18F7D40A23CC7E7D009B2E3E /* MainStruct.swift */ = {isa = PBXFileReference; lastKnownFileType = sourcecode.swift; path = MainStruct.swift; sourceTree = "<group>"; };
		18F7D41223CCB675009B2E3E /* ViewController2.swift */ = {isa = PBXFileReference; lastKnownFileType = sourcecode.swift; path = ViewController2.swift; sourceTree = "<group>"; };
		18F7D41423CCC1DA009B2E3E /* Parking.swift */ = {isa = PBXFileReference; lastKnownFileType = sourcecode.swift; path = Parking.swift; sourceTree = "<group>"; };
		18F7D41723CCC318009B2E3E /* Buyer.swift */ = {isa = PBXFileReference; fileEncoding = 4; lastKnownFileType = sourcecode.swift; path = Buyer.swift; sourceTree = "<group>"; };
		18F7D41823CCC319009B2E3E /* Card.swift */ = {isa = PBXFileReference; fileEncoding = 4; lastKnownFileType = sourcecode.swift; path = Card.swift; sourceTree = "<group>"; };
		18F7D41A23CCC319009B2E3E /* Details.swift */ = {isa = PBXFileReference; fileEncoding = 4; lastKnownFileType = sourcecode.swift; path = Details.swift; sourceTree = "<group>"; };
		18F7D42023CCC37E009B2E3E /* Seller.swift */ = {isa = PBXFileReference; lastKnownFileType = sourcecode.swift; path = Seller.swift; sourceTree = "<group>"; };
		BD088FF95FDD054B4D5089F3 /* Pods_ObjectMapDemo.framework */ = {isa = PBXFileReference; explicitFileType = wrapper.framework; includeInIndex = 0; path = Pods_ObjectMapDemo.framework; sourceTree = BUILT_PRODUCTS_DIR; };
/* End PBXFileReference section */

/* Begin PBXFrameworksBuildPhase section */
		1858A07A23C63D390095E307 /* Frameworks */ = {
			isa = PBXFrameworksBuildPhase;
			buildActionMask = 2147483647;
			files = (
				3925FA4117E4AFF3CBA4781D /* Pods_ObjectMapDemo.framework in Frameworks */,
			);
			runOnlyForDeploymentPostprocessing = 0;
		};
/* End PBXFrameworksBuildPhase section */

/* Begin PBXGroup section */
		1858A07423C63D390095E307 = {
			isa = PBXGroup;
			children = (
				1858A07F23C63D390095E307 /* ObjectMapDemo */,
				1858A07E23C63D390095E307 /* Products */,
				7CC9D1479E38B3435C5BFA24 /* Pods */,
				FC1B21C46634291E06F1DDF6 /* Frameworks */,
			);
			sourceTree = "<group>";
		};
		1858A07E23C63D390095E307 /* Products */ = {
			isa = PBXGroup;
			children = (
				1858A07D23C63D390095E307 /* ObjectMapDemo.app */,
			);
			name = Products;
			sourceTree = "<group>";
		};
		1858A07F23C63D390095E307 /* ObjectMapDemo */ = {
			isa = PBXGroup;
			children = (
				18D30D6423DB32A0008889FB /* Helper */,
				18F7D40723CC7DCB009B2E3E /* Api Structs */,
				18B259DC23C7174000E83253 /* Api Client */,
				1858A08023C63D390095E307 /* AppDelegate.swift */,
				1858A08223C63D390095E307 /* ViewController.swift */,
				1858A08423C63D390095E307 /* Main.storyboard */,
				1858A08723C63D3A0095E307 /* Assets.xcassets */,
				1858A08923C63D3A0095E307 /* LaunchScreen.storyboard */,
				1858A08C23C63D3A0095E307 /* Info.plist */,
				1858A09423C640C50095E307 /* WeatherCell.swift */,
				1858A09523C640C60095E307 /* WeatherCell.xib */,
				18B259E123C7214B00E83253 /* Constants.swift */,
				18F7D41223CCB675009B2E3E /* ViewController2.swift */,
				1858A09223C63DCA0095E307 /* Data.swift */,
			);
			path = ObjectMapDemo;
			sourceTree = "<group>";
		};
		18B259DC23C7174000E83253 /* Api Client */ = {
			isa = PBXGroup;
			children = (
				18B259DD23C7175700E83253 /* ApiClient.swift */,
				18B259DF23C718AF00E83253 /* ApiRouter.swift */,
			);
			path = "Api Client";
			sourceTree = "<group>";
		};
		18D30D6423DB32A0008889FB /* Helper */ = {
			isa = PBXGroup;
			children = (
				18D30D6523DB3303008889FB /* Helper.swift */,
			);
			path = Helper;
			sourceTree = "<group>";
		};
		18F7D40723CC7DCB009B2E3E /* Api Structs */ = {
			isa = PBXGroup;
			children = (
				18F7D40A23CC7E7D009B2E3E /* MainStruct.swift */,
				18F7D41723CCC318009B2E3E /* Buyer.swift */,
				18F7D41823CCC319009B2E3E /* Card.swift */,
				18F7D41A23CCC319009B2E3E /* Details.swift */,
				18F7D40823CC7DE7009B2E3E /* Bargaining.swift */,
				18F7D41423CCC1DA009B2E3E /* Parking.swift */,
				18F7D42023CCC37E009B2E3E /* Seller.swift */,
			);
			path = "Api Structs";
			sourceTree = "<group>";
		};
		7CC9D1479E38B3435C5BFA24 /* Pods */ = {
			isa = PBXGroup;
			children = (
				092CA9D181FE03E3DCCE3CC9 /* Pods-ObjectMapDemo.debug.xcconfig */,
				0C32FD805877AC13F6F1275E /* Pods-ObjectMapDemo.release.xcconfig */,
			);
			path = Pods;
			sourceTree = "<group>";
		};
		FC1B21C46634291E06F1DDF6 /* Frameworks */ = {
			isa = PBXGroup;
			children = (
				BD088FF95FDD054B4D5089F3 /* Pods_ObjectMapDemo.framework */,
			);
			name = Frameworks;
			sourceTree = "<group>";
		};
/* End PBXGroup section */

/* Begin PBXNativeTarget section */
		1858A07C23C63D390095E307 /* ObjectMapDemo */ = {
			isa = PBXNativeTarget;
			buildConfigurationList = 1858A08F23C63D3A0095E307 /* Build configuration list for PBXNativeTarget "ObjectMapDemo" */;
			buildPhases = (
				C7B3A625039808E6391B2FAB /* [CP] Check Pods Manifest.lock */,
				1858A07923C63D390095E307 /* Sources */,
				1858A07A23C63D390095E307 /* Frameworks */,
				1858A07B23C63D390095E307 /* Resources */,
				4DD039C92D2BDC62D310B90B /* [CP] Embed Pods Frameworks */,
			);
			buildRules = (
			);
			dependencies = (
			);
			name = ObjectMapDemo;
			productName = ObjectMapDemo;
			productReference = 1858A07D23C63D390095E307 /* ObjectMapDemo.app */;
			productType = "com.apple.product-type.application";
		};
/* End PBXNativeTarget section */

/* Begin PBXProject section */
		1858A07523C63D390095E307 /* Project object */ = {
			isa = PBXProject;
			attributes = {
				LastSwiftUpdateCheck = 1020;
				LastUpgradeCheck = 1020;
				ORGANIZATIONNAME = Talha;
				TargetAttributes = {
					1858A07C23C63D390095E307 = {
						CreatedOnToolsVersion = 10.2.1;
					};
				};
			};
			buildConfigurationList = 1858A07823C63D390095E307 /* Build configuration list for PBXProject "ObjectMapDemo" */;
			compatibilityVersion = "Xcode 9.3";
			developmentRegion = en;
			hasScannedForEncodings = 0;
			knownRegions = (
				en,
				Base,
			);
			mainGroup = 1858A07423C63D390095E307;
			productRefGroup = 1858A07E23C63D390095E307 /* Products */;
			projectDirPath = "";
			projectRoot = "";
			targets = (
				1858A07C23C63D390095E307 /* ObjectMapDemo */,
			);
		};
/* End PBXProject section */

/* Begin PBXResourcesBuildPhase section */
		1858A07B23C63D390095E307 /* Resources */ = {
			isa = PBXResourcesBuildPhase;
			buildActionMask = 2147483647;
			files = (
				1858A09723C640C60095E307 /* WeatherCell.xib in Resources */,
				1858A08B23C63D3A0095E307 /* LaunchScreen.storyboard in Resources */,
				1858A08823C63D3A0095E307 /* Assets.xcassets in Resources */,
				1858A08623C63D390095E307 /* Main.storyboard in Resources */,
			);
			runOnlyForDeploymentPostprocessing = 0;
		};
/* End PBXResourcesBuildPhase section */

/* Begin PBXShellScriptBuildPhase section */
		4DD039C92D2BDC62D310B90B /* [CP] Embed Pods Frameworks */ = {
			isa = PBXShellScriptBuildPhase;
			buildActionMask = 2147483647;
			files = (
			);
			inputFileListPaths = (
				"${PODS_ROOT}/Target Support Files/Pods-ObjectMapDemo/Pods-ObjectMapDemo-frameworks-${CONFIGURATION}-input-files.xcfilelist",
			);
			name = "[CP] Embed Pods Frameworks";
			outputFileListPaths = (
				"${PODS_ROOT}/Target Support Files/Pods-ObjectMapDemo/Pods-ObjectMapDemo-frameworks-${CONFIGURATION}-output-files.xcfilelist",
			);
			runOnlyForDeploymentPostprocessing = 0;
			shellPath = /bin/sh;
			shellScript = "\"${PODS_ROOT}/Target Support Files/Pods-ObjectMapDemo/Pods-ObjectMapDemo-frameworks.sh\"\n";
			showEnvVarsInLog = 0;
		};
		C7B3A625039808E6391B2FAB /* [CP] Check Pods Manifest.lock */ = {
			isa = PBXShellScriptBuildPhase;
			buildActionMask = 2147483647;
			files = (
			);
			inputFileListPaths = (
			);
			inputPaths = (
				"${PODS_PODFILE_DIR_PATH}/Podfile.lock",
				"${PODS_ROOT}/Manifest.lock",
			);
			name = "[CP] Check Pods Manifest.lock";
			outputFileListPaths = (
			);
			outputPaths = (
				"$(DERIVED_FILE_DIR)/Pods-ObjectMapDemo-checkManifestLockResult.txt",
			);
			runOnlyForDeploymentPostprocessing = 0;
			shellPath = /bin/sh;
			shellScript = "diff \"${PODS_PODFILE_DIR_PATH}/Podfile.lock\" \"${PODS_ROOT}/Manifest.lock\" > /dev/null\nif [ $? != 0 ] ; then\n    # print error to STDERR\n    echo \"error: The sandbox is not in sync with the Podfile.lock. Run 'pod install' or update your CocoaPods installation.\" >&2\n    exit 1\nfi\n# This output is used by Xcode 'outputs' to avoid re-running this script phase.\necho \"SUCCESS\" > \"${SCRIPT_OUTPUT_FILE_0}\"\n";
			showEnvVarsInLog = 0;
		};
/* End PBXShellScriptBuildPhase section */

/* Begin PBXSourcesBuildPhase section */
		1858A07923C63D390095E307 /* Sources */ = {
			isa = PBXSourcesBuildPhase;
			buildActionMask = 2147483647;
			files = (
				1858A09623C640C60095E307 /* WeatherCell.swift in Sources */,
				18F7D40923CC7DE7009B2E3E /* Bargaining.swift in Sources */,
				18B259E023C718AF00E83253 /* ApiRouter.swift in Sources */,
				1858A08323C63D390095E307 /* ViewController.swift in Sources */,
				18F7D41523CCC1DA009B2E3E /* Parking.swift in Sources */,
				1858A09323C63DCA0095E307 /* Data.swift in Sources */,
				18F7D42123CCC37E009B2E3E /* Seller.swift in Sources */,
				18D30D6623DB3303008889FB /* Helper.swift in Sources */,
				18F7D41323CCB675009B2E3E /* ViewController2.swift in Sources */,
				18B259E223C7214B00E83253 /* Constants.swift in Sources */,
				18F7D41D23CCC31A009B2E3E /* Card.swift in Sources */,
				1858A08123C63D390095E307 /* AppDelegate.swift in Sources */,
				18F7D40B23CC7E7D009B2E3E /* MainStruct.swift in Sources */,
				18B259DE23C7175700E83253 /* ApiClient.swift in Sources */,
				18F7D41F23CCC31A009B2E3E /* Details.swift in Sources */,
				18F7D41C23CCC31A009B2E3E /* Buyer.swift in Sources */,
			);
			runOnlyForDeploymentPostprocessing = 0;
		};
/* End PBXSourcesBuildPhase section */

/* Begin PBXVariantGroup section */
		1858A08423C63D390095E307 /* Main.storyboard */ = {
			isa = PBXVariantGroup;
			children = (
				1858A08523C63D390095E307 /* Base */,
			);
			name = Main.storyboard;
			sourceTree = "<group>";
		};
		1858A08923C63D3A0095E307 /* LaunchScreen.storyboard */ = {
			isa = PBXVariantGroup;
			children = (
				1858A08A23C63D3A0095E307 /* Base */,
			);
			name = LaunchScreen.storyboard;
			sourceTree = "<group>";
		};
/* End PBXVariantGroup section */

/* Begin XCBuildConfiguration section */
		1858A08D23C63D3A0095E307 /* Debug */ = {
			isa = XCBuildConfiguration;
			buildSettings = {
				ALWAYS_SEARCH_USER_PATHS = NO;
				CLANG_ANALYZER_NONNULL = YES;
				CLANG_ANALYZER_NUMBER_OBJECT_CONVERSION = YES_AGGRESSIVE;
				CLANG_CXX_LANGUAGE_STANDARD = "gnu++14";
				CLANG_CXX_LIBRARY = "libc++";
				CLANG_ENABLE_MODULES = YES;
				CLANG_ENABLE_OBJC_ARC = YES;
				CLANG_ENABLE_OBJC_WEAK = YES;
				CLANG_WARN_BLOCK_CAPTURE_AUTORELEASING = YES;
				CLANG_WARN_BOOL_CONVERSION = YES;
				CLANG_WARN_COMMA = YES;
				CLANG_WARN_CONSTANT_CONVERSION = YES;
				CLANG_WARN_DEPRECATED_OBJC_IMPLEMENTATIONS = YES;
				CLANG_WARN_DIRECT_OBJC_ISA_USAGE = YES_ERROR;
				CLANG_WARN_DOCUMENTATION_COMMENTS = YES;
				CLANG_WARN_EMPTY_BODY = YES;
				CLANG_WARN_ENUM_CONVERSION = YES;
				CLANG_WARN_INFINITE_RECURSION = YES;
				CLANG_WARN_INT_CONVERSION = YES;
				CLANG_WARN_NON_LITERAL_NULL_CONVERSION = YES;
				CLANG_WARN_OBJC_IMPLICIT_RETAIN_SELF = YES;
				CLANG_WARN_OBJC_LITERAL_CONVERSION = YES;
				CLANG_WARN_OBJC_ROOT_CLASS = YES_ERROR;
				CLANG_WARN_RANGE_LOOP_ANALYSIS = YES;
				CLANG_WARN_STRICT_PROTOTYPES = YES;
				CLANG_WARN_SUSPICIOUS_MOVE = YES;
				CLANG_WARN_UNGUARDED_AVAILABILITY = YES_AGGRESSIVE;
				CLANG_WARN_UNREACHABLE_CODE = YES;
				CLANG_WARN__DUPLICATE_METHOD_MATCH = YES;
				CODE_SIGN_IDENTITY = "iPhone Developer";
				COPY_PHASE_STRIP = NO;
				DEBUG_INFORMATION_FORMAT = dwarf;
				ENABLE_STRICT_OBJC_MSGSEND = YES;
				ENABLE_TESTABILITY = YES;
				GCC_C_LANGUAGE_STANDARD = gnu11;
				GCC_DYNAMIC_NO_PIC = NO;
				GCC_NO_COMMON_BLOCKS = YES;
				GCC_OPTIMIZATION_LEVEL = 0;
				GCC_PREPROCESSOR_DEFINITIONS = (
					"DEBUG=1",
					"$(inherited)",
				);
				GCC_WARN_64_TO_32_BIT_CONVERSION = YES;
				GCC_WARN_ABOUT_RETURN_TYPE = YES_ERROR;
				GCC_WARN_UNDECLARED_SELECTOR = YES;
				GCC_WARN_UNINITIALIZED_AUTOS = YES_AGGRESSIVE;
				GCC_WARN_UNUSED_FUNCTION = YES;
				GCC_WARN_UNUSED_VARIABLE = YES;
				IPHONEOS_DEPLOYMENT_TARGET = 12.2;
				MTL_ENABLE_DEBUG_INFO = INCLUDE_SOURCE;
				MTL_FAST_MATH = YES;
				ONLY_ACTIVE_ARCH = YES;
				SDKROOT = iphoneos;
				SWIFT_ACTIVE_COMPILATION_CONDITIONS = DEBUG;
				SWIFT_OPTIMIZATION_LEVEL = "-Onone";
			};
			name = Debug;
		};
		1858A08E23C63D3A0095E307 /* Release */ = {
			isa = XCBuildConfiguration;
			buildSettings = {
				ALWAYS_SEARCH_USER_PATHS = NO;
				CLANG_ANALYZER_NONNULL = YES;
				CLANG_ANALYZER_NUMBER_OBJECT_CONVERSION = YES_AGGRESSIVE;
				CLANG_CXX_LANGUAGE_STANDARD = "gnu++14";
				CLANG_CXX_LIBRARY = "libc++";
				CLANG_ENABLE_MODULES = YES;
				CLANG_ENABLE_OBJC_ARC = YES;
				CLANG_ENABLE_OBJC_WEAK = YES;
				CLANG_WARN_BLOCK_CAPTURE_AUTORELEASING = YES;
				CLANG_WARN_BOOL_CONVERSION = YES;
				CLANG_WARN_COMMA = YES;
				CLANG_WARN_CONSTANT_CONVERSION = YES;
				CLANG_WARN_DEPRECATED_OBJC_IMPLEMENTATIONS = YES;
				CLANG_WARN_DIRECT_OBJC_ISA_USAGE = YES_ERROR;
				CLANG_WARN_DOCUMENTATION_COMMENTS = YES;
				CLANG_WARN_EMPTY_BODY = YES;
				CLANG_WARN_ENUM_CONVERSION = YES;
				CLANG_WARN_INFINITE_RECURSION = YES;
				CLANG_WARN_INT_CONVERSION = YES;
				CLANG_WARN_NON_LITERAL_NULL_CONVERSION = YES;
				CLANG_WARN_OBJC_IMPLICIT_RETAIN_SELF = YES;
				CLANG_WARN_OBJC_LITERAL_CONVERSION = YES;
				CLANG_WARN_OBJC_ROOT_CLASS = YES_ERROR;
				CLANG_WARN_RANGE_LOOP_ANALYSIS = YES;
				CLANG_WARN_STRICT_PROTOTYPES = YES;
				CLANG_WARN_SUSPICIOUS_MOVE = YES;
				CLANG_WARN_UNGUARDED_AVAILABILITY = YES_AGGRESSIVE;
				CLANG_WARN_UNREACHABLE_CODE = YES;
				CLANG_WARN__DUPLICATE_METHOD_MATCH = YES;
				CODE_SIGN_IDENTITY = "iPhone Developer";
				COPY_PHASE_STRIP = NO;
				DEBUG_INFORMATION_FORMAT = "dwarf-with-dsym";
				ENABLE_NS_ASSERTIONS = NO;
				ENABLE_STRICT_OBJC_MSGSEND = YES;
				GCC_C_LANGUAGE_STANDARD = gnu11;
				GCC_NO_COMMON_BLOCKS = YES;
				GCC_WARN_64_TO_32_BIT_CONVERSION = YES;
				GCC_WARN_ABOUT_RETURN_TYPE = YES_ERROR;
				GCC_WARN_UNDECLARED_SELECTOR = YES;
				GCC_WARN_UNINITIALIZED_AUTOS = YES_AGGRESSIVE;
				GCC_WARN_UNUSED_FUNCTION = YES;
				GCC_WARN_UNUSED_VARIABLE = YES;
				IPHONEOS_DEPLOYMENT_TARGET = 12.2;
				MTL_ENABLE_DEBUG_INFO = NO;
				MTL_FAST_MATH = YES;
				SDKROOT = iphoneos;
				SWIFT_COMPILATION_MODE = wholemodule;
				SWIFT_OPTIMIZATION_LEVEL = "-O";
				VALIDATE_PRODUCT = YES;
			};
			name = Release;
		};
		1858A09023C63D3A0095E307 /* Debug */ = {
			isa = XCBuildConfiguration;
			baseConfigurationReference = 092CA9D181FE03E3DCCE3CC9 /* Pods-ObjectMapDemo.debug.xcconfig */;
			buildSettings = {
				ASSETCATALOG_COMPILER_APPICON_NAME = AppIcon;
				CODE_SIGN_IDENTITY = "iPhone Developer";
				CODE_SIGN_STYLE = Automatic;
				DEVELOPMENT_TEAM = T286PM5P72;
				INFOPLIST_FILE = ObjectMapDemo/Info.plist;
				LD_RUNPATH_SEARCH_PATHS = (
					"$(inherited)",
					"@executable_path/Frameworks",
				);
				PRODUCT_BUNDLE_IDENTIFIER = "Talha-Tekrevol.ObjectMapDemo";
				PRODUCT_NAME = "$(TARGET_NAME)";
				PROVISIONING_PROFILE_SPECIFIER = "";
				SWIFT_VERSION = 5.0;
				TARGETED_DEVICE_FAMILY = "1,2";
			};
			name = Debug;
		};
		1858A09123C63D3A0095E307 /* Release */ = {
			isa = XCBuildConfiguration;
			baseConfigurationReference = 0C32FD805877AC13F6F1275E /* Pods-ObjectMapDemo.release.xcconfig */;
			buildSettings = {
				ASSETCATALOG_COMPILER_APPICON_NAME = AppIcon;
				CODE_SIGN_IDENTITY = "iPhone Developer";
				CODE_SIGN_STYLE = Automatic;
				DEVELOPMENT_TEAM = T286PM5P72;
				INFOPLIST_FILE = ObjectMapDemo/Info.plist;
				LD_RUNPATH_SEARCH_PATHS = (
					"$(inherited)",
					"@executable_path/Frameworks",
				);
				PRODUCT_BUNDLE_IDENTIFIER = "Talha-Tekrevol.ObjectMapDemo";
				PRODUCT_NAME = "$(TARGET_NAME)";
				PROVISIONING_PROFILE_SPECIFIER = "";
				SWIFT_VERSION = 5.0;
				TARGETED_DEVICE_FAMILY = "1,2";
			};
			name = Release;
		};
/* End XCBuildConfiguration section */

/* Begin XCConfigurationList section */
		1858A07823C63D390095E307 /* Build configuration list for PBXProject "ObjectMapDemo" */ = {
			isa = XCConfigurationList;
			buildConfigurations = (
				1858A08D23C63D3A0095E307 /* Debug */,
				1858A08E23C63D3A0095E307 /* Release */,
			);
			defaultConfigurationIsVisible = 0;
			defaultConfigurationName = Release;
		};
		1858A08F23C63D3A0095E307 /* Build configuration list for PBXNativeTarget "ObjectMapDemo" */ = {
			isa = XCConfigurationList;
			buildConfigurations = (
				1858A09023C63D3A0095E307 /* Debug */,
				1858A09123C63D3A0095E307 /* Release */,
			);
			defaultConfigurationIsVisible = 0;
			defaultConfigurationName = Release;
		};
/* End XCConfigurationList section */
	};
	rootObject = 1858A07523C63D390095E307 /* Project object */;
}
